
Microsoft Visual Studio Solution File, Format Version 12.00
# Visual Studio Version 16
VisualStudioVersion = 16.0.30611.23
MinimumVisualStudioVersion = 10.0.40219.1
Project("{FAE04EC0-301F-11D3-BF4B-00C04F79EFBC}") = "eBookManager", "eBookManager\eBookManager.csproj", "{6C601528-9D21-4CE3-BD32-316C31C851A8}"
EndProject
Project("{FAE04EC0-301F-11D3-BF4B-00C04F79EFBC}") = "eBookManager.Engine", "eBookManager.Engine\eBookManager.Engine.csproj", "{75FB6C6A-51BD-44F9-A29E-7988F95453D7}"
EndProject
Project("{FAE04EC0-301F-11D3-BF4B-00C04F79EFBC}") = "EbookManager.Helper", "EbookManager.Helper\EbookManager.Helper.csproj", "{DD144B03-31E6-4980-A47F-7A7C455ABB29}"
EndProject
Global
	GlobalSection(SolutionConfigurationPlatforms) = preSolution
		Debug|Any CPU = Debug|Any CPU
		Release|Any CPU = Release|Any CPU
	EndGlobalSection
	GlobalSection(ProjectConfigurationPlatforms) = postSolution
		{6C601528-9D21-4CE3-BD32-316C31C851A8}.Debug|Any CPU.ActiveCfg = Debug|Any CPU
		{6C601528-9D21-4CE3-BD32-316C31C851A8}.Debug|Any CPU.Build.0 = Debug|Any CPU
		{6C601528-9D21-4CE3-BD32-316C31C851A8}.Release|Any CPU.ActiveCfg = Release|Any CPU
		{6C601528-9D21-4CE3-BD32-316C31C851A8}.Release|Any CPU.Build.0 = Release|Any CPU
		{75FB6C6A-51BD-44F9-A29E-7988F95453D7}.Debug|Any CPU.ActiveCfg = Debug|Any CPU
		{75FB6C6A-51BD-44F9-A29E-7988F95453D7}.Debug|Any CPU.Build.0 = Debug|Any CPU
		{75FB6C6A-51BD-44F9-A29E-7988F95453D7}.Release|Any CPU.ActiveCfg = Release|Any CPU
		{75FB6C6A-51BD-44F9-A29E-7988F95453D7}.Release|Any CPU.Build.0 = Release|Any CPU
		{DD144B03-31E6-4980-A47F-7A7C455ABB29}.Debug|Any CPU.ActiveCfg = Debug|Any CPU
		{DD144B03-31E6-4980-A47F-7A7C455ABB29}.Debug|Any CPU.Build.0 = Debug|Any CPU
		{DD144B03-31E6-4980-A47F-7A7C455ABB29}.Release|Any CPU.ActiveCfg = Release|Any CPU
		{DD144B03-31E6-4980-A47F-7A7C455ABB29}.Release|Any CPU.Build.0 = Release|Any CPU
	EndGlobalSection
	GlobalSection(SolutionProperties) = preSolution
		HideSolutionNode = FALSE
	EndGlobalSection
	GlobalSection(ExtensibilityGlobals) = postSolution
		SolutionGuid = {381C7DAB-796D-438A-B5F2-6BB3B0A17626}
	EndGlobalSection
EndGlobal
